<?xml version="1.0" encoding="utf-8"?>
<Project ToolsVersion="4.0" xmlns="http://schemas.microsoft.com/developer/msbuild/2003">
  <ItemGroup>
    <ClInclude Include="document.h" />
    <ClInclude Include="log_duration.h" />
    <ClInclude Include="paginator.h" />
    <ClInclude Include="read_input_functions.h" />
    <ClInclude Include="remove_duplicates.h" />
    <ClInclude Include="request_queue.h" />
    <ClInclude Include="search_server.h" />
    <ClInclude Include="string_processing.h" />
    <ClInclude Include="test_framework.h" />
    <ClInclude Include="process_queries.h" />
    <ClInclude Include="concurrent_map.h" />
  </ItemGroup>
  <ItemGroup>
    <ClCompile Include="document.cpp" />
    <ClCompile Include="main.cpp" />
    <ClCompile Include="read_input_functions.cpp" />
    <ClCompile Include="remove_duplicates.cpp" />
    <ClCompile Include="request_queue.cpp" />
    <ClCompile Include="search_server.cpp" />
    <ClCompile Include="string_processing.cpp" />
    <ClCompile Include="process_queries.cpp" />
  </ItemGroup>
</Project>